{
	"name": "homebridge-xiaomi-purifier",
	"version": "1.4.9",
	"lockfileVersion": 2,
	"requires": true,
	"packages": {
		"": {
			"name": "homebridge-xiaomi-purifier",
			"version": "1.4.9",
			"license": "MIT",
			"engines": {
				"homebridge": ">=0.4.0",
				"miio": ">=0.15.6",
				"node": ">=0.12.0"
			}
		}
	}
}
